{"version":4,"terraform_version":"1.10.1","serial":376,"lineage":"4f0bb372-aab5-d2e7-3711-ab35cf5ace47","outputs":{"external_ip_address_firststage":{"value":"158.160.35.172","type":"string"},"external_ip_address_k8smaster":{"value":"158.160.34.223","type":"string"},"external_ip_address_liftoffstage":{"value":"89.169.139.76","type":"string"},"external_ip_address_sast":{"value":"158.160.60.250","type":"string"},"external_ip_address_secondstage":{"value":"84.201.135.23","type":"string"},"external_ip_address_thirdstage":{"value":"158.160.46.129","type":"string"},"internal_ip_address_firststage":{"value":"192.168.0.30","type":"string"},"internal_ip_address_k8smaster":{"value":"192.168.0.28","type":"string"},"internal_ip_address_liftoffstage":{"value":"192.168.0.15","type":"string"},"internal_ip_address_sast":{"value":"192.168.0.13","type":"string"},"internal_ip_address_secondstage":{"value":"192.168.0.32","type":"string"},"internal_ip_address_thirdstage":{"value":"192.168.0.9","type":"string"}},"resources":[{"mode":"managed","type":"local_file","name":"inventory_tmpl","provider":"provider[\"registry.opentofu.org/hashicorp/local\"]","instances":[{"schema_version":0,"attributes":{"content":"[master]\nmaster ansible_host=158.160.34.223\n\n[liftoffstage]\nliftoffstage ansible_host=89.169.139.76\n\n[firststage]\nfirststage ansible_host=158.160.35.172\n\n[secondstage]\nsecondstage ansible_host=84.201.135.23\n\n[thirdstage]\nthirdstage ansible_host=158.160.46.129\n\n[sast]\nsast ansible_host=158.160.60.250\n\n","content_base64":null,"content_base64sha256":"g9u5xSjxA1IsZ8wSdSSuIWua0lsirFPgzC44dZCo8ro=","content_base64sha512":"+2W5On/uOeeS1VdJNSd9mneiSOZMKT0THhcIqfhWerRFT8Pelk8VAVhq+7WOSJvOnYFfrvRy9UnNkIbZmr62Aw==","content_md5":"ef48f27d43f276172c79d92bcbb42b07","content_sha1":"052bd9aef8b8e395e692cda5a160d78e7142c39c","content_sha256":"83dbb9c528f103522c67cc127524ae216b9ad25b22ac53e0cc2e387590a8f2ba","content_sha512":"fb65b93a7fee39e792d5574935277d9a77a248e64c293d131e1708a9f8567ab4454fc3de964f1501586afbb58e489bce9d815faef472f549cd9086d99abeb603","directory_permission":"0777","file_permission":"0777","filename":"../configuring/inventory","id":"052bd9aef8b8e395e692cda5a160d78e7142c39c","sensitive_content":null,"source":null},"sensitive_attributes":[[{"type":"get_attr","value":"sensitive_content"}]],"dependencies":["yandex_compute_instance.firststage","yandex_compute_instance.k8smaster","yandex_compute_instance.liftoffstage","yandex_compute_instance.sast","yandex_compute_instance.secondstage","yandex_compute_instance.thirdstage","yandex_vpc_network.network-1","yandex_vpc_subnet.subnet-1"]}]},{"mode":"managed","type":"yandex_compute_instance","name":"firststage","provider":"provider[\"registry.opentofu.org/yandex-cloud/yandex\"]","instances":[{"schema_version":1,"attributes":{"allow_recreate":null,"allow_stopping_for_update":true,"boot_disk":[{"auto_delete":true,"device_name":"fhmh3d3b3fhnmplh9nnf","disk_id":"fhmh3d3b3fhnmplh9nnf","initialize_params":[{"block_size":4096,"description":"","image_id":"fd8s78up10fbjbe5atn7","name":"","size":25,"snapshot_id":"","type":"network-hdd"}],"mode":"READ_WRITE"}],"created_at":"2025-06-30T06:00:11Z","description":"","filesystem":[],"folder_id":"b1g5enj0v0e6600a5o4a","fqdn":"fhmkcdaljpb3o652locf.auto.internal","gpu_cluster_id":"","hostname":"","id":"fhmkcdaljpb3o652locf","labels":null,"local_disk":[],"maintenance_grace_period":"","maintenance_policy":null,"metadata":{"ssh-keys":"ubuntu:ssh-rsa AAAAB3NzaC1yc2EAAAADAQABAAABgQC9/0iMzyFlPJVIVP1ScG9fLHlH1psqqYnRegKE2M4OzJLKWJBqtwMZhsMRQr1Jx9v5iuZtrkimGs2oFkgH3JMzxBjPnQzGVFd7WBQPT/MV88ezc024hCKdkFZYU85+2XLbAFcA4UUG8N6YkmTN3oxERVkvvh2U2QYtuFOjmBKnL47bpmbUNZsLhHjTw8DVIBCNzIa9B4Ws9B+WXt+8k4Ysu2u20Yy0sJIzNbxnSNUj9SR+iwoPw8oVyo5mpfBqQ9mJAUFbXgr3WrZ2cfUVkj4l343NGmTLjJF6VjHCidjMgAbkwg/0WDsgamo/ni6FyxQ6yWUvVZPuzOoDJj3N+Pt6QQ9Il7JUfaljkcx+Iiu7CLfIYxeSjsdQYg/i7gzv4TYwQZyFI5WJSIM54wqe5bDi73t9bN072dMTLMjyyS9fuV7R784ZNz7Ir/0Hfb30Br/p9C48CFkrpCief+4S+j68jb42M0UBaM6tPv2M/gdUwC6WHQgCxAB0N2ON7pvx970= user@WIN-G5U2VBSP7U1"},"metadata_options":[{"aws_v1_http_endpoint":1,"aws_v1_http_token":2,"gce_http_endpoint":1,"gce_http_token":1}],"name":"firststage","network_acceleration_type":"standard","network_interface":[{"dns_record":[],"index":0,"ip_address":"192.168.0.30","ipv4":true,"ipv6":false,"ipv6_address":"","ipv6_dns_record":[],"mac_address":"d0:0d:14:63:55:59","nat":true,"nat_dns_record":[],"nat_ip_address":"158.160.35.172","nat_ip_version":"IPV4","security_group_ids":[],"subnet_id":"e9b5inlm4d5p9obmik77"}],"placement_policy":[{"host_affinity_rules":[],"placement_group_id":"","placement_group_partition":0}],"platform_id":"standard-v3","resources":[{"core_fraction":100,"cores":8,"gpus":0,"memory":8}],"scheduling_policy":[{"preemptible":true}],"secondary_disk":[],"service_account_id":"","status":"running","timeouts":null,"zone":"ru-central1-a"},"sensitive_attributes":[],"private":"eyJlMmJmYjczMC1lY2FhLTExZTYtOGY4OC0zNDM2M2JjN2M0YzAiOnsiY3JlYXRlIjozMDAwMDAwMDAwMDAsImRlbGV0ZSI6MzAwMDAwMDAwMDAwLCJ1cGRhdGUiOjMwMDAwMDAwMDAwMH0sInNjaGVtYV92ZXJzaW9uIjoiMSJ9","dependencies":["yandex_vpc_network.network-1","yandex_vpc_subnet.subnet-1"]}]},{"mode":"managed","type":"yandex_compute_instance","name":"k8smaster","provider":"provider[\"registry.opentofu.org/yandex-cloud/yandex\"]","instances":[{"schema_version":1,"attributes":{"allow_recreate":null,"allow_stopping_for_update":true,"boot_disk":[{"auto_delete":true,"device_name":"fhmr4uur2a8opthplfff","disk_id":"fhmr4uur2a8opthplfff","initialize_params":[{"block_size":4096,"description":"","image_id":"fd8s78up10fbjbe5atn7","name":"","size":50,"snapshot_id":"","type":"network-hdd"}],"mode":"READ_WRITE"}],"created_at":"2025-06-30T06:00:11Z","description":"","filesystem":[],"folder_id":"b1g5enj0v0e6600a5o4a","fqdn":"fhmeqfnn71k8hqc2j6u5.auto.internal","gpu_cluster_id":"","hostname":"","id":"fhmeqfnn71k8hqc2j6u5","labels":null,"local_disk":[],"maintenance_grace_period":"","maintenance_policy":null,"metadata":{"ssh-keys":"ubuntu:ssh-rsa AAAAB3NzaC1yc2EAAAADAQABAAABgQC9/0iMzyFlPJVIVP1ScG9fLHlH1psqqYnRegKE2M4OzJLKWJBqtwMZhsMRQr1Jx9v5iuZtrkimGs2oFkgH3JMzxBjPnQzGVFd7WBQPT/MV88ezc024hCKdkFZYU85+2XLbAFcA4UUG8N6YkmTN3oxERVkvvh2U2QYtuFOjmBKnL47bpmbUNZsLhHjTw8DVIBCNzIa9B4Ws9B+WXt+8k4Ysu2u20Yy0sJIzNbxnSNUj9SR+iwoPw8oVyo5mpfBqQ9mJAUFbXgr3WrZ2cfUVkj4l343NGmTLjJF6VjHCidjMgAbkwg/0WDsgamo/ni6FyxQ6yWUvVZPuzOoDJj3N+Pt6QQ9Il7JUfaljkcx+Iiu7CLfIYxeSjsdQYg/i7gzv4TYwQZyFI5WJSIM54wqe5bDi73t9bN072dMTLMjyyS9fuV7R784ZNz7Ir/0Hfb30Br/p9C48CFkrpCief+4S+j68jb42M0UBaM6tPv2M/gdUwC6WHQgCxAB0N2ON7pvx970= user@WIN-G5U2VBSP7U1"},"metadata_options":[{"aws_v1_http_endpoint":1,"aws_v1_http_token":2,"gce_http_endpoint":1,"gce_http_token":1}],"name":"k8smaster","network_acceleration_type":"standard","network_interface":[{"dns_record":[],"index":0,"ip_address":"192.168.0.28","ipv4":true,"ipv6":false,"ipv6_address":"","ipv6_dns_record":[],"mac_address":"d0:0d:ed:3e:f7:38","nat":true,"nat_dns_record":[],"nat_ip_address":"158.160.34.223","nat_ip_version":"IPV4","security_group_ids":[],"subnet_id":"e9b5inlm4d5p9obmik77"}],"placement_policy":[{"host_affinity_rules":[],"placement_group_id":"","placement_group_partition":0}],"platform_id":"standard-v1","resources":[{"core_fraction":100,"cores":2,"gpus":0,"memory":4}],"scheduling_policy":[{"preemptible":true}],"secondary_disk":[],"service_account_id":"","status":"running","timeouts":null,"zone":"ru-central1-a"},"sensitive_attributes":[],"private":"eyJlMmJmYjczMC1lY2FhLTExZTYtOGY4OC0zNDM2M2JjN2M0YzAiOnsiY3JlYXRlIjozMDAwMDAwMDAwMDAsImRlbGV0ZSI6MzAwMDAwMDAwMDAwLCJ1cGRhdGUiOjMwMDAwMDAwMDAwMH0sInNjaGVtYV92ZXJzaW9uIjoiMSJ9","dependencies":["yandex_vpc_network.network-1","yandex_vpc_subnet.subnet-1"]}]},{"mode":"managed","type":"yandex_compute_instance","name":"liftoffstage","provider":"provider[\"registry.opentofu.org/yandex-cloud/yandex\"]","instances":[{"schema_version":1,"attributes":{"allow_recreate":null,"allow_stopping_for_update":true,"boot_disk":[{"auto_delete":true,"device_name":"fhm5athtrqh2gheq7k26","disk_id":"fhm5athtrqh2gheq7k26","initialize_params":[{"block_size":4096,"description":"","image_id":"fd8s78up10fbjbe5atn7","name":"","size":100,"snapshot_id":"","type":"network-hdd"}],"mode":"READ_WRITE"}],"created_at":"2025-06-30T06:00:11Z","description":"","filesystem":[],"folder_id":"b1g5enj0v0e6600a5o4a","fqdn":"fhmcoehks64opqrk483s.auto.internal","gpu_cluster_id":"","hostname":"","id":"fhmcoehks64opqrk483s","labels":null,"local_disk":[],"maintenance_grace_period":"","maintenance_policy":null,"metadata":{"ssh-keys":"ubuntu:ssh-rsa AAAAB3NzaC1yc2EAAAADAQABAAABgQC9/0iMzyFlPJVIVP1ScG9fLHlH1psqqYnRegKE2M4OzJLKWJBqtwMZhsMRQr1Jx9v5iuZtrkimGs2oFkgH3JMzxBjPnQzGVFd7WBQPT/MV88ezc024hCKdkFZYU85+2XLbAFcA4UUG8N6YkmTN3oxERVkvvh2U2QYtuFOjmBKnL47bpmbUNZsLhHjTw8DVIBCNzIa9B4Ws9B+WXt+8k4Ysu2u20Yy0sJIzNbxnSNUj9SR+iwoPw8oVyo5mpfBqQ9mJAUFbXgr3WrZ2cfUVkj4l343NGmTLjJF6VjHCidjMgAbkwg/0WDsgamo/ni6FyxQ6yWUvVZPuzOoDJj3N+Pt6QQ9Il7JUfaljkcx+Iiu7CLfIYxeSjsdQYg/i7gzv4TYwQZyFI5WJSIM54wqe5bDi73t9bN072dMTLMjyyS9fuV7R784ZNz7Ir/0Hfb30Br/p9C48CFkrpCief+4S+j68jb42M0UBaM6tPv2M/gdUwC6WHQgCxAB0N2ON7pvx970= user@WIN-G5U2VBSP7U1"},"metadata_options":[{"aws_v1_http_endpoint":1,"aws_v1_http_token":2,"gce_http_endpoint":1,"gce_http_token":1}],"name":"liftoffstage","network_acceleration_type":"standard","network_interface":[{"dns_record":[],"index":0,"ip_address":"192.168.0.15","ipv4":true,"ipv6":false,"ipv6_address":"","ipv6_dns_record":[],"mac_address":"d0:0d:cc:3a:34:e1","nat":true,"nat_dns_record":[],"nat_ip_address":"89.169.139.76","nat_ip_version":"IPV4","security_group_ids":[],"subnet_id":"e9b5inlm4d5p9obmik77"}],"placement_policy":[{"host_affinity_rules":[],"placement_group_id":"","placement_group_partition":0}],"platform_id":"standard-v3","resources":[{"core_fraction":100,"cores":16,"gpus":0,"memory":16}],"scheduling_policy":[{"preemptible":true}],"secondary_disk":[],"service_account_id":"","status":"running","timeouts":null,"zone":"ru-central1-a"},"sensitive_attributes":[],"private":"eyJlMmJmYjczMC1lY2FhLTExZTYtOGY4OC0zNDM2M2JjN2M0YzAiOnsiY3JlYXRlIjozMDAwMDAwMDAwMDAsImRlbGV0ZSI6MzAwMDAwMDAwMDAwLCJ1cGRhdGUiOjMwMDAwMDAwMDAwMH0sInNjaGVtYV92ZXJzaW9uIjoiMSJ9","dependencies":["yandex_vpc_network.network-1","yandex_vpc_subnet.subnet-1"]}]},{"mode":"managed","type":"yandex_compute_instance","name":"sast","provider":"provider[\"registry.opentofu.org/yandex-cloud/yandex\"]","instances":[{"schema_version":1,"attributes":{"allow_recreate":null,"allow_stopping_for_update":true,"boot_disk":[{"auto_delete":true,"device_name":"fhm3kf8kn18dahnciapq","disk_id":"fhm3kf8kn18dahnciapq","initialize_params":[{"block_size":4096,"description":"","image_id":"fd8s78up10fbjbe5atn7","name":"","size":50,"snapshot_id":"","type":"network-hdd"}],"mode":"READ_WRITE"}],"created_at":"2025-06-30T06:00:11Z","description":"","filesystem":[],"folder_id":"b1g5enj0v0e6600a5o4a","fqdn":"fhmm26dcnugq8mj63r31.auto.internal","gpu_cluster_id":"","hostname":"","id":"fhmm26dcnugq8mj63r31","labels":null,"local_disk":[],"maintenance_grace_period":"","maintenance_policy":null,"metadata":{"ssh-keys":"ubuntu:ssh-rsa AAAAB3NzaC1yc2EAAAADAQABAAABgQC9/0iMzyFlPJVIVP1ScG9fLHlH1psqqYnRegKE2M4OzJLKWJBqtwMZhsMRQr1Jx9v5iuZtrkimGs2oFkgH3JMzxBjPnQzGVFd7WBQPT/MV88ezc024hCKdkFZYU85+2XLbAFcA4UUG8N6YkmTN3oxERVkvvh2U2QYtuFOjmBKnL47bpmbUNZsLhHjTw8DVIBCNzIa9B4Ws9B+WXt+8k4Ysu2u20Yy0sJIzNbxnSNUj9SR+iwoPw8oVyo5mpfBqQ9mJAUFbXgr3WrZ2cfUVkj4l343NGmTLjJF6VjHCidjMgAbkwg/0WDsgamo/ni6FyxQ6yWUvVZPuzOoDJj3N+Pt6QQ9Il7JUfaljkcx+Iiu7CLfIYxeSjsdQYg/i7gzv4TYwQZyFI5WJSIM54wqe5bDi73t9bN072dMTLMjyyS9fuV7R784ZNz7Ir/0Hfb30Br/p9C48CFkrpCief+4S+j68jb42M0UBaM6tPv2M/gdUwC6WHQgCxAB0N2ON7pvx970= user@WIN-G5U2VBSP7U1"},"metadata_options":[{"aws_v1_http_endpoint":1,"aws_v1_http_token":2,"gce_http_endpoint":1,"gce_http_token":1}],"name":"sast","network_acceleration_type":"standard","network_interface":[{"dns_record":[],"index":0,"ip_address":"192.168.0.13","ipv4":true,"ipv6":false,"ipv6_address":"","ipv6_dns_record":[],"mac_address":"d0:0d:16:11:9a:cb","nat":true,"nat_dns_record":[],"nat_ip_address":"158.160.60.250","nat_ip_version":"IPV4","security_group_ids":[],"subnet_id":"e9b5inlm4d5p9obmik77"}],"placement_policy":[{"host_affinity_rules":[],"placement_group_id":"","placement_group_partition":0}],"platform_id":"standard-v3","resources":[{"core_fraction":100,"cores":24,"gpus":0,"memory":24}],"scheduling_policy":[{"preemptible":true}],"secondary_disk":[],"service_account_id":"","status":"running","timeouts":null,"zone":"ru-central1-a"},"sensitive_attributes":[],"private":"eyJlMmJmYjczMC1lY2FhLTExZTYtOGY4OC0zNDM2M2JjN2M0YzAiOnsiY3JlYXRlIjozMDAwMDAwMDAwMDAsImRlbGV0ZSI6MzAwMDAwMDAwMDAwLCJ1cGRhdGUiOjMwMDAwMDAwMDAwMH0sInNjaGVtYV92ZXJzaW9uIjoiMSJ9","dependencies":["yandex_vpc_network.network-1","yandex_vpc_subnet.subnet-1"]}]},{"mode":"managed","type":"yandex_compute_instance","name":"secondstage","provider":"provider[\"registry.opentofu.org/yandex-cloud/yandex\"]","instances":[{"schema_version":1,"attributes":{"allow_recreate":null,"allow_stopping_for_update":true,"boot_disk":[{"auto_delete":true,"device_name":"fhmrnav0b42gr8irvtm3","disk_id":"fhmrnav0b42gr8irvtm3","initialize_params":[{"block_size":4096,"description":"","image_id":"fd8s78up10fbjbe5atn7","name":"","size":20,"snapshot_id":"","type":"network-hdd"}],"mode":"READ_WRITE"}],"created_at":"2025-06-30T06:00:11Z","description":"","filesystem":[],"folder_id":"b1g5enj0v0e6600a5o4a","fqdn":"fhmgb5b4g1unf7he9225.auto.internal","gpu_cluster_id":"","hostname":"","id":"fhmgb5b4g1unf7he9225","labels":null,"local_disk":[],"maintenance_grace_period":"","maintenance_policy":null,"metadata":{"ssh-keys":"ubuntu:ssh-rsa AAAAB3NzaC1yc2EAAAADAQABAAABgQC9/0iMzyFlPJVIVP1ScG9fLHlH1psqqYnRegKE2M4OzJLKWJBqtwMZhsMRQr1Jx9v5iuZtrkimGs2oFkgH3JMzxBjPnQzGVFd7WBQPT/MV88ezc024hCKdkFZYU85+2XLbAFcA4UUG8N6YkmTN3oxERVkvvh2U2QYtuFOjmBKnL47bpmbUNZsLhHjTw8DVIBCNzIa9B4Ws9B+WXt+8k4Ysu2u20Yy0sJIzNbxnSNUj9SR+iwoPw8oVyo5mpfBqQ9mJAUFbXgr3WrZ2cfUVkj4l343NGmTLjJF6VjHCidjMgAbkwg/0WDsgamo/ni6FyxQ6yWUvVZPuzOoDJj3N+Pt6QQ9Il7JUfaljkcx+Iiu7CLfIYxeSjsdQYg/i7gzv4TYwQZyFI5WJSIM54wqe5bDi73t9bN072dMTLMjyyS9fuV7R784ZNz7Ir/0Hfb30Br/p9C48CFkrpCief+4S+j68jb42M0UBaM6tPv2M/gdUwC6WHQgCxAB0N2ON7pvx970= user@WIN-G5U2VBSP7U1"},"metadata_options":[{"aws_v1_http_endpoint":1,"aws_v1_http_token":2,"gce_http_endpoint":1,"gce_http_token":1}],"name":"secondstage","network_acceleration_type":"standard","network_interface":[{"dns_record":[],"index":0,"ip_address":"192.168.0.32","ipv4":true,"ipv6":false,"ipv6_address":"","ipv6_dns_record":[],"mac_address":"d0:0d:10:59:56:48","nat":true,"nat_dns_record":[],"nat_ip_address":"84.201.135.23","nat_ip_version":"IPV4","security_group_ids":[],"subnet_id":"e9b5inlm4d5p9obmik77"}],"placement_policy":[{"host_affinity_rules":[],"placement_group_id":"","placement_group_partition":0}],"platform_id":"standard-v3","resources":[{"core_fraction":100,"cores":12,"gpus":0,"memory":12}],"scheduling_policy":[{"preemptible":true}],"secondary_disk":[],"service_account_id":"","status":"running","timeouts":null,"zone":"ru-central1-a"},"sensitive_attributes":[],"private":"eyJlMmJmYjczMC1lY2FhLTExZTYtOGY4OC0zNDM2M2JjN2M0YzAiOnsiY3JlYXRlIjozMDAwMDAwMDAwMDAsImRlbGV0ZSI6MzAwMDAwMDAwMDAwLCJ1cGRhdGUiOjMwMDAwMDAwMDAwMH0sInNjaGVtYV92ZXJzaW9uIjoiMSJ9","dependencies":["yandex_vpc_network.network-1","yandex_vpc_subnet.subnet-1"]}]},{"mode":"managed","type":"yandex_compute_instance","name":"thirdstage","provider":"provider[\"registry.opentofu.org/yandex-cloud/yandex\"]","instances":[{"schema_version":1,"attributes":{"allow_recreate":null,"allow_stopping_for_update":true,"boot_disk":[{"auto_delete":true,"device_name":"fhmioer5v1u73aiche5p","disk_id":"fhmioer5v1u73aiche5p","initialize_params":[{"block_size":4096,"description":"","image_id":"fd8s78up10fbjbe5atn7","name":"","size":20,"snapshot_id":"","type":"network-hdd"}],"mode":"READ_WRITE"}],"created_at":"2025-06-30T06:00:11Z","description":"","filesystem":[],"folder_id":"b1g5enj0v0e6600a5o4a","fqdn":"fhmh356otjm5ihtrnlg9.auto.internal","gpu_cluster_id":"","hostname":"","id":"fhmh356otjm5ihtrnlg9","labels":null,"local_disk":[],"maintenance_grace_period":"","maintenance_policy":null,"metadata":{"ssh-keys":"ubuntu:ssh-rsa AAAAB3NzaC1yc2EAAAADAQABAAABgQC9/0iMzyFlPJVIVP1ScG9fLHlH1psqqYnRegKE2M4OzJLKWJBqtwMZhsMRQr1Jx9v5iuZtrkimGs2oFkgH3JMzxBjPnQzGVFd7WBQPT/MV88ezc024hCKdkFZYU85+2XLbAFcA4UUG8N6YkmTN3oxERVkvvh2U2QYtuFOjmBKnL47bpmbUNZsLhHjTw8DVIBCNzIa9B4Ws9B+WXt+8k4Ysu2u20Yy0sJIzNbxnSNUj9SR+iwoPw8oVyo5mpfBqQ9mJAUFbXgr3WrZ2cfUVkj4l343NGmTLjJF6VjHCidjMgAbkwg/0WDsgamo/ni6FyxQ6yWUvVZPuzOoDJj3N+Pt6QQ9Il7JUfaljkcx+Iiu7CLfIYxeSjsdQYg/i7gzv4TYwQZyFI5WJSIM54wqe5bDi73t9bN072dMTLMjyyS9fuV7R784ZNz7Ir/0Hfb30Br/p9C48CFkrpCief+4S+j68jb42M0UBaM6tPv2M/gdUwC6WHQgCxAB0N2ON7pvx970= user@WIN-G5U2VBSP7U1"},"metadata_options":[{"aws_v1_http_endpoint":1,"aws_v1_http_token":2,"gce_http_endpoint":1,"gce_http_token":1}],"name":"thirdstage","network_acceleration_type":"standard","network_interface":[{"dns_record":[],"index":0,"ip_address":"192.168.0.9","ipv4":true,"ipv6":false,"ipv6_address":"","ipv6_dns_record":[],"mac_address":"d0:0d:11:19:4d:8e","nat":true,"nat_dns_record":[],"nat_ip_address":"158.160.46.129","nat_ip_version":"IPV4","security_group_ids":[],"subnet_id":"e9b5inlm4d5p9obmik77"}],"placement_policy":[{"host_affinity_rules":[],"placement_group_id":"","placement_group_partition":0}],"platform_id":"standard-v3","resources":[{"core_fraction":100,"cores":4,"gpus":0,"memory":4}],"scheduling_policy":[{"preemptible":true}],"secondary_disk":[],"service_account_id":"","status":"running","timeouts":null,"zone":"ru-central1-a"},"sensitive_attributes":[],"private":"eyJlMmJmYjczMC1lY2FhLTExZTYtOGY4OC0zNDM2M2JjN2M0YzAiOnsiY3JlYXRlIjozMDAwMDAwMDAwMDAsImRlbGV0ZSI6MzAwMDAwMDAwMDAwLCJ1cGRhdGUiOjMwMDAwMDAwMDAwMH0sInNjaGVtYV92ZXJzaW9uIjoiMSJ9","dependencies":["yandex_vpc_network.network-1","yandex_vpc_subnet.subnet-1"]}]},{"mode":"managed","type":"yandex_vpc_network","name":"network-1","provider":"provider[\"registry.opentofu.org/yandex-cloud/yandex\"]","instances":[{"schema_version":0,"attributes":{"created_at":"2025-06-30T06:00:06Z","default_security_group_id":"enpi7dgir5hpfm8gniqb","description":"","folder_id":"b1g5enj0v0e6600a5o4a","id":"enpk0s37577i2bntke7o","labels":{},"name":"from-final-project-network","subnet_ids":[],"timeouts":null},"sensitive_attributes":[],"private":"eyJlMmJmYjczMC1lY2FhLTExZTYtOGY4OC0zNDM2M2JjN2M0YzAiOnsiY3JlYXRlIjo2MDAwMDAwMDAwMCwiZGVsZXRlIjo2MDAwMDAwMDAwMCwidXBkYXRlIjo2MDAwMDAwMDAwMH19"}]},{"mode":"managed","type":"yandex_vpc_subnet","name":"subnet-1","provider":"provider[\"registry.opentofu.org/yandex-cloud/yandex\"]","instances":[{"schema_version":0,"attributes":{"created_at":"2025-06-30T06:00:09Z","description":"","dhcp_options":[],"folder_id":"b1g5enj0v0e6600a5o4a","id":"e9b5inlm4d5p9obmik77","labels":{},"name":"from-final-project-subnet","network_id":"enpk0s37577i2bntke7o","route_table_id":"","timeouts":null,"v4_cidr_blocks":["192.168.0.0/16"],"v6_cidr_blocks":[],"zone":"ru-central1-a"},"sensitive_attributes":[],"private":"eyJlMmJmYjczMC1lY2FhLTExZTYtOGY4OC0zNDM2M2JjN2M0YzAiOnsiY3JlYXRlIjoxODAwMDAwMDAwMDAsImRlbGV0ZSI6MTgwMDAwMDAwMDAwLCJ1cGRhdGUiOjE4MDAwMDAwMDAwMH19","dependencies":["yandex_vpc_network.network-1"]}]}],"check_results":[{"object_kind":"var","config_addr":"var.image-id","status":"pass","objects":[{"object_addr":"var.image-id","status":"pass"}]}]}
